
Microsoft Visual Studio Solution File, Format Version 12.00
# Visual Studio 2013
VisualStudioVersion = 12.0.40629.0
MinimumVisualStudioVersion = 10.0.40219.1
Project("{FAE04EC0-301F-11D3-BF4B-00C04F79EFBC}") = "DataAccess", "DataAccess\DataAccess.csproj", "{83BC9E4F-340F-4780-9907-CE33ED6A7F40}"
EndProject
Project("{FAE04EC0-301F-11D3-BF4B-00C04F79EFBC}") = "WorklowSolutionTests", "WorklowSolutionTests\WorklowSolutionTests.csproj", "{DEA8859F-7D34-45D0-8F14-BF7ADDC6C2D6}"
EndProject
Project("{FAE04EC0-301F-11D3-BF4B-00C04F79EFBC}") = "BusinessObject", "BusinessObject\BusinessObject.csproj", "{F06DEDB5-EFB4-41A4-A36D-F61E50364C17}"
EndProject
Global
	GlobalSection(SolutionConfigurationPlatforms) = preSolution
		Debug|Any CPU = Debug|Any CPU
		Release|Any CPU = Release|Any CPU
	EndGlobalSection
	GlobalSection(ProjectConfigurationPlatforms) = postSolution
		{83BC9E4F-340F-4780-9907-CE33ED6A7F40}.Debug|Any CPU.ActiveCfg = Debug|Any CPU
		{83BC9E4F-340F-4780-9907-CE33ED6A7F40}.Debug|Any CPU.Build.0 = Debug|Any CPU
		{83BC9E4F-340F-4780-9907-CE33ED6A7F40}.Release|Any CPU.ActiveCfg = Release|Any CPU
		{83BC9E4F-340F-4780-9907-CE33ED6A7F40}.Release|Any CPU.Build.0 = Release|Any CPU
		{DEA8859F-7D34-45D0-8F14-BF7ADDC6C2D6}.Debug|Any CPU.ActiveCfg = Debug|Any CPU
		{DEA8859F-7D34-45D0-8F14-BF7ADDC6C2D6}.Debug|Any CPU.Build.0 = Debug|Any CPU
		{DEA8859F-7D34-45D0-8F14-BF7ADDC6C2D6}.Release|Any CPU.ActiveCfg = Release|Any CPU
		{DEA8859F-7D34-45D0-8F14-BF7ADDC6C2D6}.Release|Any CPU.Build.0 = Release|Any CPU
		{F06DEDB5-EFB4-41A4-A36D-F61E50364C17}.Debug|Any CPU.ActiveCfg = Debug|Any CPU
		{F06DEDB5-EFB4-41A4-A36D-F61E50364C17}.Debug|Any CPU.Build.0 = Debug|Any CPU
		{F06DEDB5-EFB4-41A4-A36D-F61E50364C17}.Release|Any CPU.ActiveCfg = Release|Any CPU
		{F06DEDB5-EFB4-41A4-A36D-F61E50364C17}.Release|Any CPU.Build.0 = Release|Any CPU
	EndGlobalSection
	GlobalSection(SolutionProperties) = preSolution
		HideSolutionNode = FALSE
	EndGlobalSection
EndGlobal
