
Microsoft Visual Studio Solution File, Format Version 12.00
# Visual Studio 2013
VisualStudioVersion = 12.0.40629.0
MinimumVisualStudioVersion = 10.0.40219.1
Project("{FAE04EC0-301F-11D3-BF4B-00C04F79EFBC}") = "DataAccess", "DataAccess\DataAccess.csproj", "{83BC9E4F-340F-4780-9907-CE33ED6A7F40}"
EndProject
Project("{FAE04EC0-301F-11D3-BF4B-00C04F79EFBC}") = "WorklowSolutionTests", "WorklowSolutionTests\WorklowSolutionTests.csproj", "{DEA8859F-7D34-45D0-8F14-BF7ADDC6C2D6}"
EndProject
Project("{FAE04EC0-301F-11D3-BF4B-00C04F79EFBC}") = "BusinessObject", "BusinessObject\BusinessObject.csproj", "{F06DEDB5-EFB4-41A4-A36D-F61E50364C17}"
EndProject
Project("{FAE04EC0-301F-11D3-BF4B-00C04F79EFBC}") = "Frontend", "Frontend\Frontend.csproj", "{6651F8A4-C9E4-4D5A-94C4-252D3504C5A1}"
EndProject
Project("{FAE04EC0-301F-11D3-BF4B-00C04F79EFBC}") = "BusinessLogic", "BusinessLogic\BusinessLogic.csproj", "{EF6DD104-C9B5-488C-A84D-D44CEDF686CE}"
EndProject
Global
	GlobalSection(SolutionConfigurationPlatforms) = preSolution
		Debug|Any CPU = Debug|Any CPU
		Debug|Mixed Platforms = Debug|Mixed Platforms
		Debug|x86 = Debug|x86
		DebugLocal|Any CPU = DebugLocal|Any CPU
		DebugLocal|Mixed Platforms = DebugLocal|Mixed Platforms
		DebugLocal|x86 = DebugLocal|x86
		Release|Any CPU = Release|Any CPU
		Release|Mixed Platforms = Release|Mixed Platforms
		Release|x86 = Release|x86
	EndGlobalSection
	GlobalSection(ProjectConfigurationPlatforms) = postSolution
		{83BC9E4F-340F-4780-9907-CE33ED6A7F40}.Debug|Any CPU.ActiveCfg = Debug|Any CPU
		{83BC9E4F-340F-4780-9907-CE33ED6A7F40}.Debug|Any CPU.Build.0 = Debug|Any CPU
		{83BC9E4F-340F-4780-9907-CE33ED6A7F40}.Debug|Mixed Platforms.ActiveCfg = Debug|Any CPU
		{83BC9E4F-340F-4780-9907-CE33ED6A7F40}.Debug|Mixed Platforms.Build.0 = Debug|Any CPU
		{83BC9E4F-340F-4780-9907-CE33ED6A7F40}.Debug|x86.ActiveCfg = Debug|Any CPU
		{83BC9E4F-340F-4780-9907-CE33ED6A7F40}.DebugLocal|Any CPU.ActiveCfg = Debug|Any CPU
		{83BC9E4F-340F-4780-9907-CE33ED6A7F40}.DebugLocal|Any CPU.Build.0 = Debug|Any CPU
		{83BC9E4F-340F-4780-9907-CE33ED6A7F40}.DebugLocal|Mixed Platforms.ActiveCfg = Debug|Any CPU
		{83BC9E4F-340F-4780-9907-CE33ED6A7F40}.DebugLocal|Mixed Platforms.Build.0 = Debug|Any CPU
		{83BC9E4F-340F-4780-9907-CE33ED6A7F40}.DebugLocal|x86.ActiveCfg = Debug|Any CPU
		{83BC9E4F-340F-4780-9907-CE33ED6A7F40}.Release|Any CPU.ActiveCfg = Release|Any CPU
		{83BC9E4F-340F-4780-9907-CE33ED6A7F40}.Release|Any CPU.Build.0 = Release|Any CPU
		{83BC9E4F-340F-4780-9907-CE33ED6A7F40}.Release|Mixed Platforms.ActiveCfg = Release|Any CPU
		{83BC9E4F-340F-4780-9907-CE33ED6A7F40}.Release|Mixed Platforms.Build.0 = Release|Any CPU
		{83BC9E4F-340F-4780-9907-CE33ED6A7F40}.Release|x86.ActiveCfg = Release|Any CPU
		{DEA8859F-7D34-45D0-8F14-BF7ADDC6C2D6}.Debug|Any CPU.ActiveCfg = Debug|Any CPU
		{DEA8859F-7D34-45D0-8F14-BF7ADDC6C2D6}.Debug|Any CPU.Build.0 = Debug|Any CPU
		{DEA8859F-7D34-45D0-8F14-BF7ADDC6C2D6}.Debug|Mixed Platforms.ActiveCfg = Debug|Any CPU
		{DEA8859F-7D34-45D0-8F14-BF7ADDC6C2D6}.Debug|Mixed Platforms.Build.0 = Debug|Any CPU
		{DEA8859F-7D34-45D0-8F14-BF7ADDC6C2D6}.Debug|x86.ActiveCfg = Debug|Any CPU
		{DEA8859F-7D34-45D0-8F14-BF7ADDC6C2D6}.DebugLocal|Any CPU.ActiveCfg = Debug|Any CPU
		{DEA8859F-7D34-45D0-8F14-BF7ADDC6C2D6}.DebugLocal|Any CPU.Build.0 = Debug|Any CPU
		{DEA8859F-7D34-45D0-8F14-BF7ADDC6C2D6}.DebugLocal|Mixed Platforms.ActiveCfg = Debug|Any CPU
		{DEA8859F-7D34-45D0-8F14-BF7ADDC6C2D6}.DebugLocal|Mixed Platforms.Build.0 = Debug|Any CPU
		{DEA8859F-7D34-45D0-8F14-BF7ADDC6C2D6}.DebugLocal|x86.ActiveCfg = Debug|Any CPU
		{DEA8859F-7D34-45D0-8F14-BF7ADDC6C2D6}.Release|Any CPU.ActiveCfg = Release|Any CPU
		{DEA8859F-7D34-45D0-8F14-BF7ADDC6C2D6}.Release|Any CPU.Build.0 = Release|Any CPU
		{DEA8859F-7D34-45D0-8F14-BF7ADDC6C2D6}.Release|Mixed Platforms.ActiveCfg = Release|Any CPU
		{DEA8859F-7D34-45D0-8F14-BF7ADDC6C2D6}.Release|Mixed Platforms.Build.0 = Release|Any CPU
		{DEA8859F-7D34-45D0-8F14-BF7ADDC6C2D6}.Release|x86.ActiveCfg = Release|Any CPU
		{F06DEDB5-EFB4-41A4-A36D-F61E50364C17}.Debug|Any CPU.ActiveCfg = Debug|Any CPU
		{F06DEDB5-EFB4-41A4-A36D-F61E50364C17}.Debug|Any CPU.Build.0 = Debug|Any CPU
		{F06DEDB5-EFB4-41A4-A36D-F61E50364C17}.Debug|Mixed Platforms.ActiveCfg = Debug|Any CPU
		{F06DEDB5-EFB4-41A4-A36D-F61E50364C17}.Debug|Mixed Platforms.Build.0 = Debug|Any CPU
		{F06DEDB5-EFB4-41A4-A36D-F61E50364C17}.Debug|x86.ActiveCfg = Debug|Any CPU
		{F06DEDB5-EFB4-41A4-A36D-F61E50364C17}.DebugLocal|Any CPU.ActiveCfg = Debug|Any CPU
		{F06DEDB5-EFB4-41A4-A36D-F61E50364C17}.DebugLocal|Any CPU.Build.0 = Debug|Any CPU
		{F06DEDB5-EFB4-41A4-A36D-F61E50364C17}.DebugLocal|Mixed Platforms.ActiveCfg = Debug|Any CPU
		{F06DEDB5-EFB4-41A4-A36D-F61E50364C17}.DebugLocal|Mixed Platforms.Build.0 = Debug|Any CPU
		{F06DEDB5-EFB4-41A4-A36D-F61E50364C17}.DebugLocal|x86.ActiveCfg = Debug|Any CPU
		{F06DEDB5-EFB4-41A4-A36D-F61E50364C17}.Release|Any CPU.ActiveCfg = Release|Any CPU
		{F06DEDB5-EFB4-41A4-A36D-F61E50364C17}.Release|Any CPU.Build.0 = Release|Any CPU
		{F06DEDB5-EFB4-41A4-A36D-F61E50364C17}.Release|Mixed Platforms.ActiveCfg = Release|Any CPU
		{F06DEDB5-EFB4-41A4-A36D-F61E50364C17}.Release|Mixed Platforms.Build.0 = Release|Any CPU
		{F06DEDB5-EFB4-41A4-A36D-F61E50364C17}.Release|x86.ActiveCfg = Release|Any CPU
		{6651F8A4-C9E4-4D5A-94C4-252D3504C5A1}.Debug|Any CPU.ActiveCfg = Debug|Any CPU
		{6651F8A4-C9E4-4D5A-94C4-252D3504C5A1}.Debug|Any CPU.Build.0 = Debug|Any CPU
		{6651F8A4-C9E4-4D5A-94C4-252D3504C5A1}.Debug|Mixed Platforms.ActiveCfg = Debug|Any CPU
		{6651F8A4-C9E4-4D5A-94C4-252D3504C5A1}.Debug|Mixed Platforms.Build.0 = Debug|Any CPU
		{6651F8A4-C9E4-4D5A-94C4-252D3504C5A1}.Debug|x86.ActiveCfg = Debug|Any CPU
		{6651F8A4-C9E4-4D5A-94C4-252D3504C5A1}.DebugLocal|Any CPU.ActiveCfg = Debug|Any CPU
		{6651F8A4-C9E4-4D5A-94C4-252D3504C5A1}.DebugLocal|Any CPU.Build.0 = Debug|Any CPU
		{6651F8A4-C9E4-4D5A-94C4-252D3504C5A1}.DebugLocal|Mixed Platforms.ActiveCfg = Debug|Any CPU
		{6651F8A4-C9E4-4D5A-94C4-252D3504C5A1}.DebugLocal|Mixed Platforms.Build.0 = Debug|Any CPU
		{6651F8A4-C9E4-4D5A-94C4-252D3504C5A1}.DebugLocal|x86.ActiveCfg = Debug|Any CPU
		{6651F8A4-C9E4-4D5A-94C4-252D3504C5A1}.Release|Any CPU.ActiveCfg = Release|Any CPU
		{6651F8A4-C9E4-4D5A-94C4-252D3504C5A1}.Release|Any CPU.Build.0 = Release|Any CPU
		{6651F8A4-C9E4-4D5A-94C4-252D3504C5A1}.Release|Mixed Platforms.ActiveCfg = Release|Any CPU
		{6651F8A4-C9E4-4D5A-94C4-252D3504C5A1}.Release|Mixed Platforms.Build.0 = Release|Any CPU
		{6651F8A4-C9E4-4D5A-94C4-252D3504C5A1}.Release|x86.ActiveCfg = Release|Any CPU
		{EF6DD104-C9B5-488C-A84D-D44CEDF686CE}.Debug|Any CPU.ActiveCfg = Debug|x86
		{EF6DD104-C9B5-488C-A84D-D44CEDF686CE}.Debug|Mixed Platforms.ActiveCfg = Debug|x86
		{EF6DD104-C9B5-488C-A84D-D44CEDF686CE}.Debug|Mixed Platforms.Build.0 = Debug|x86
		{EF6DD104-C9B5-488C-A84D-D44CEDF686CE}.Debug|x86.ActiveCfg = Debug|x86
		{EF6DD104-C9B5-488C-A84D-D44CEDF686CE}.Debug|x86.Build.0 = Debug|x86
		{EF6DD104-C9B5-488C-A84D-D44CEDF686CE}.DebugLocal|Any CPU.ActiveCfg = Debug|x86
		{EF6DD104-C9B5-488C-A84D-D44CEDF686CE}.DebugLocal|Mixed Platforms.ActiveCfg = Debug|x86
		{EF6DD104-C9B5-488C-A84D-D44CEDF686CE}.DebugLocal|Mixed Platforms.Build.0 = Debug|x86
		{EF6DD104-C9B5-488C-A84D-D44CEDF686CE}.DebugLocal|x86.ActiveCfg = Debug|x86
		{EF6DD104-C9B5-488C-A84D-D44CEDF686CE}.DebugLocal|x86.Build.0 = Debug|x86
		{EF6DD104-C9B5-488C-A84D-D44CEDF686CE}.Release|Any CPU.ActiveCfg = Release|x86
		{EF6DD104-C9B5-488C-A84D-D44CEDF686CE}.Release|Mixed Platforms.ActiveCfg = Release|x86
		{EF6DD104-C9B5-488C-A84D-D44CEDF686CE}.Release|Mixed Platforms.Build.0 = Release|x86
		{EF6DD104-C9B5-488C-A84D-D44CEDF686CE}.Release|x86.ActiveCfg = Release|x86
		{EF6DD104-C9B5-488C-A84D-D44CEDF686CE}.Release|x86.Build.0 = Release|x86
	EndGlobalSection
	GlobalSection(SolutionProperties) = preSolution
		HideSolutionNode = FALSE
	EndGlobalSection
EndGlobal
